{
  "version": 4,
  "terraform_version": "1.3.6",
  "serial": 188,
  "lineage": "922ac473-733a-7910-a099-151a0c475cd9",
  "outputs": {},
  "resources": [
    {
      "mode": "managed",
      "type": "aws_db_subnet_group",
      "name": "dbsubnetgroup",
      "provider": "provider[\"registry.terraform.io/hashicorp/aws\"]",
      "instances": [
        {
          "schema_version": 0,
          "attributes": {
            "arn": "arn:aws:rds:ap-southeast-1:692530166570:subgrp:dbsubnetgroup",
            "description": "dbsubnetgroup",
            "id": "dbsubnetgroup",
            "name": "dbsubnetgroup",
            "name_prefix": "",
            "subnet_ids": [
              "subnet-056e22b890ee4bd34",
              "subnet-0d87cd787e5dfec44"
            ],
            "supported_network_types": [
              "IPV4"
            ],
            "tags": {
              "Name": "dbsubnetgroup",
              "vpc_id": "vpc-076d59f4543b81966"
            },
            "tags_all": {
              "Name": "dbsubnetgroup",
              "vpc_id": "vpc-076d59f4543b81966"
            }
          },
          "sensitive_attributes": [],
          "private": "bnVsbA==",
          "dependencies": [
            "aws_subnet.MyVPC_subnet_private_1",
            "aws_subnet.MyVPC_subnet_private_2",
            "aws_vpc.MyVpc"
          ]
        }
      ]
    },
    {
      "mode": "managed",
      "type": "aws_instance",
      "name": "Web_Server",
      "provider": "provider[\"registry.terraform.io/hashicorp/aws\"]",
      "instances": [
        {
          "schema_version": 1,
          "attributes": {
            "ami": "ami-094bbd9e922dc515d",
            "arn": "arn:aws:ec2:ap-southeast-1:692530166570:instance/i-003d57670f0183281",
            "associate_public_ip_address": true,
            "availability_zone": "ap-southeast-1a",
            "capacity_reservation_specification": [
              {
                "capacity_reservation_preference": "open",
                "capacity_reservation_target": []
              }
            ],
            "cpu_core_count": 1,
            "cpu_threads_per_core": 1,
            "credit_specification": [
              {
                "cpu_credits": "standard"
              }
            ],
            "disable_api_stop": false,
            "disable_api_termination": false,
            "ebs_block_device": [],
            "ebs_optimized": false,
            "enclave_options": [
              {
                "enabled": false
              }
            ],
            "ephemeral_block_device": [],
            "get_password_data": false,
            "hibernation": false,
            "host_id": null,
            "host_resource_group_arn": null,
            "iam_instance_profile": "",
            "id": "i-003d57670f0183281",
            "instance_initiated_shutdown_behavior": "stop",
            "instance_state": "running",
            "instance_type": "t2.micro",
            "ipv6_address_count": 0,
            "ipv6_addresses": [],
            "key_name": "pbl4",
            "launch_template": [],
            "maintenance_options": [
              {
                "auto_recovery": "disabled"
              }
            ],
            "metadata_options": [
              {
                "http_endpoint": "enabled",
                "http_put_response_hop_limit": 1,
                "http_tokens": "optional",
                "instance_metadata_tags": "disabled"
              }
            ],
            "monitoring": false,
            "network_interface": [],
            "outpost_arn": "",
            "password_data": "",
            "placement_group": "",
            "placement_partition_number": null,
            "primary_network_interface_id": "eni-071f1ccf54c93fb74",
            "private_dns": "ip-10-0-1-56.ap-southeast-1.compute.internal",
            "private_dns_name_options": [
              {
                "enable_resource_name_dns_a_record": false,
                "enable_resource_name_dns_aaaa_record": false,
                "hostname_type": "ip-name"
              }
            ],
            "private_ip": "10.0.1.56",
            "public_dns": "ec2-54-179-245-199.ap-southeast-1.compute.amazonaws.com",
            "public_ip": "54.179.245.199",
            "root_block_device": [
              {
                "delete_on_termination": true,
                "device_name": "/dev/xvda",
                "encrypted": false,
                "iops": 100,
                "kms_key_id": "",
                "tags": {},
                "throughput": 0,
                "volume_id": "vol-0ca1d6d10ac058987",
                "volume_size": 8,
                "volume_type": "gp2"
              }
            ],
            "secondary_private_ips": [],
            "security_groups": [
              "sg-05bbb3953caf2b4b0"
            ],
            "source_dest_check": true,
            "subnet_id": "subnet-0603d055313266f66",
            "tags": {
              "Name": "webserver"
            },
            "tags_all": {
              "Name": "webserver"
            },
            "tenancy": "default",
            "timeouts": null,
            "user_data": null,
            "user_data_base64": null,
            "user_data_replace_on_change": false,
            "volume_tags": null,
            "vpc_security_group_ids": [
              "sg-05bbb3953caf2b4b0"
            ]
          },
          "sensitive_attributes": [],
          "private": "eyJlMmJmYjczMC1lY2FhLTExZTYtOGY4OC0zNDM2M2JjN2M0YzAiOnsiY3JlYXRlIjo2MDAwMDAwMDAwMDAsImRlbGV0ZSI6MTIwMDAwMDAwMDAwMCwidXBkYXRlIjo2MDAwMDAwMDAwMDB9LCJzY2hlbWFfdmVyc2lvbiI6IjEifQ==",
          "dependencies": [
            "aws_security_group.EC2SG",
            "aws_subnet.MyVPC_subnet_public_1"
          ]
        }
      ]
    },
    {
      "mode": "managed",
      "type": "aws_internet_gateway",
      "name": "MyVPC_internet_gateway",
      "provider": "provider[\"registry.terraform.io/hashicorp/aws\"]",
      "instances": [
        {
          "schema_version": 0,
          "attributes": {
            "arn": "arn:aws:ec2:ap-southeast-1:692530166570:internet-gateway/igw-0287a7f909d8e2281",
            "id": "igw-0287a7f909d8e2281",
            "owner_id": "692530166570",
            "tags": {
              "Name": "My New IGW"
            },
            "tags_all": {
              "Name": "My New IGW"
            },
            "timeouts": null,
            "vpc_id": "vpc-076d59f4543b81966"
          },
          "sensitive_attributes": [],
          "private": "eyJlMmJmYjczMC1lY2FhLTExZTYtOGY4OC0zNDM2M2JjN2M0YzAiOnsiY3JlYXRlIjoxMjAwMDAwMDAwMDAwLCJkZWxldGUiOjEyMDAwMDAwMDAwMDAsInVwZGF0ZSI6MTIwMDAwMDAwMDAwMH19",
          "dependencies": [
            "aws_vpc.MyVpc"
          ]
        }
      ]
    },
    {
      "mode": "managed",
      "type": "aws_key_pair",
      "name": "pbl4",
      "provider": "provider[\"registry.terraform.io/hashicorp/aws\"]",
      "instances": [
        {
          "schema_version": 1,
          "attributes": {
            "arn": "arn:aws:ec2:ap-southeast-1:692530166570:key-pair/pbl4",
            "fingerprint": "4e:ae:8e:17:a8:58:fd:a7:e2:68:34:85:8d:89:43:08",
            "id": "pbl4",
            "key_name": "pbl4",
            "key_name_prefix": "",
            "key_pair_id": "key-02cd616b66d09baad",
            "key_type": "rsa",
            "public_key": "ssh-rsa AAAAB3NzaC1yc2EAAAADAQABAAACAQCuUx8DhcUQYTSRu/n2dURXcqtChe0E3fXxVmWhyDbGYq5sSw9cDCxMqJkcxMA06GOz9kPUffqI45nC+/nzvbYzawFHvkEpd9eTGvoMlCMQPrXsd0HvgwxeS6V2kbWSz9PNYK2qEsHzbmEOIVM25WitUCCI1FTYmK7BgHMX7lLVHTxLmnp6wwu6ykZo/xS3Rfj7K9qvUj2YmL+gXWo43rx5ZGxY2dhiWfzFRPU1vGJe6vdTjVMjx0wLBMJ8yNO65F3HiVzxKADZD3TJoLvfjy2F6o41RpFhnPY+OmTP7K/qaQU1IY+wQl7F/RSIe1F8mK76F1nqAPv/FMK55xaLFq4kJA+AfZlVSXWwGPpMpPzFkM122EtobI9LASnwPb3HIgkahU0NQy8mNmD0RJX2lkyL7WFjZLi0mm5JNn+VNrwfn6mkNFBJAS5UIUEAofsUKHycAIDR3KVrfVI0eo2iP4tZOxUxeBnsOnAE2mj9MdWO+2t27o1q+8PfpmkBSubusJrwRU9jgYZ6iUMCh/np9gNv/Q2lf9ZvraUFM2hb92b3KcDhFCOdC5Yn6ZhLil30jWIKJQTlKUeezCyT+f/1ZmXys2DyCq7MdtuFXRO1U/FgJ3Yz3ldegyQnfEq2Cf/zErpMqJmbRxB9PP/bzIoGCAvuJ+0bSWORT3mDf393ejOpQw==",
            "tags": {},
            "tags_all": {}
          },
          "sensitive_attributes": [],
          "private": "eyJzY2hlbWFfdmVyc2lvbiI6IjEifQ==",
          "dependencies": [
            "tls_private_key.key"
          ]
        }
      ]
    },
    {
      "mode": "managed",
      "type": "aws_route_table",
      "name": "MyVpc_route_table_private",
      "provider": "provider[\"registry.terraform.io/hashicorp/aws\"]",
      "instances": [
        {
          "schema_version": 0,
          "attributes": {
            "arn": "arn:aws:ec2:ap-southeast-1:692530166570:route-table/rtb-0726081e4798901f2",
            "id": "rtb-0726081e4798901f2",
            "owner_id": "692530166570",
            "propagating_vgws": [],
            "route": [],
            "tags": {
              "Name": "Private route table"
            },
            "tags_all": {
              "Name": "Private route table"
            },
            "timeouts": null,
            "vpc_id": "vpc-076d59f4543b81966"
          },
          "sensitive_attributes": [],
          "private": "eyJlMmJmYjczMC1lY2FhLTExZTYtOGY4OC0zNDM2M2JjN2M0YzAiOnsiY3JlYXRlIjozMDAwMDAwMDAwMDAsImRlbGV0ZSI6MzAwMDAwMDAwMDAwLCJ1cGRhdGUiOjEyMDAwMDAwMDAwMH19",
          "dependencies": [
            "aws_vpc.MyVpc"
          ]
        }
      ]
    },
    {
      "mode": "managed",
      "type": "aws_route_table",
      "name": "MyVpc_route_table_public",
      "provider": "provider[\"registry.terraform.io/hashicorp/aws\"]",
      "instances": [
        {
          "schema_version": 0,
          "attributes": {
            "arn": "arn:aws:ec2:ap-southeast-1:692530166570:route-table/rtb-0fc4673867149178e",
            "id": "rtb-0fc4673867149178e",
            "owner_id": "692530166570",
            "propagating_vgws": [],
            "route": [
              {
                "carrier_gateway_id": "",
                "cidr_block": "0.0.0.0/0",
                "core_network_arn": "",
                "destination_prefix_list_id": "",
                "egress_only_gateway_id": "",
                "gateway_id": "igw-0287a7f909d8e2281",
                "instance_id": "",
                "ipv6_cidr_block": "",
                "local_gateway_id": "",
                "nat_gateway_id": "",
                "network_interface_id": "",
                "transit_gateway_id": "",
                "vpc_endpoint_id": "",
                "vpc_peering_connection_id": ""
              }
            ],
            "tags": {
              "Name": "Public route Table"
            },
            "tags_all": {
              "Name": "Public route Table"
            },
            "timeouts": null,
            "vpc_id": "vpc-076d59f4543b81966"
          },
          "sensitive_attributes": [],
          "private": "eyJlMmJmYjczMC1lY2FhLTExZTYtOGY4OC0zNDM2M2JjN2M0YzAiOnsiY3JlYXRlIjozMDAwMDAwMDAwMDAsImRlbGV0ZSI6MzAwMDAwMDAwMDAwLCJ1cGRhdGUiOjEyMDAwMDAwMDAwMH19",
          "dependencies": [
            "aws_internet_gateway.MyVPC_internet_gateway",
            "aws_vpc.MyVpc"
          ]
        }
      ]
    },
    {
      "mode": "managed",
      "type": "aws_route_table_association",
      "name": "Public1",
      "provider": "provider[\"registry.terraform.io/hashicorp/aws\"]",
      "instances": [
        {
          "schema_version": 0,
          "attributes": {
            "gateway_id": "",
            "id": "rtbassoc-053fbf5f2db7636bf",
            "route_table_id": "rtb-0fc4673867149178e",
            "subnet_id": "subnet-0603d055313266f66"
          },
          "sensitive_attributes": [],
          "private": "bnVsbA==",
          "dependencies": [
            "aws_internet_gateway.MyVPC_internet_gateway",
            "aws_route_table.MyVpc_route_table_public",
            "aws_subnet.MyVPC_subnet_public_1",
            "aws_vpc.MyVpc"
          ]
        }
      ]
    },
    {
      "mode": "managed",
      "type": "aws_route_table_association",
      "name": "Public2",
      "provider": "provider[\"registry.terraform.io/hashicorp/aws\"]",
      "instances": [
        {
          "schema_version": 0,
          "attributes": {
            "gateway_id": "",
            "id": "rtbassoc-0d3427f836597c8d8",
            "route_table_id": "rtb-0fc4673867149178e",
            "subnet_id": "subnet-03febf533c87b33a8"
          },
          "sensitive_attributes": [],
          "private": "bnVsbA==",
          "dependencies": [
            "aws_internet_gateway.MyVPC_internet_gateway",
            "aws_route_table.MyVpc_route_table_public",
            "aws_subnet.MyVPC_subnet_public_2",
            "aws_vpc.MyVpc"
          ]
        }
      ]
    },
    {
      "mode": "managed",
      "type": "aws_security_group",
      "name": "EC2SG",
      "provider": "provider[\"registry.terraform.io/hashicorp/aws\"]",
      "instances": [
        {
          "schema_version": 1,
          "attributes": {
            "arn": "arn:aws:ec2:ap-southeast-1:692530166570:security-group/sg-05bbb3953caf2b4b0",
            "description": "ssh",
            "egress": [
              {
                "cidr_blocks": [
                  "0.0.0.0/0"
                ],
                "description": "",
                "from_port": 0,
                "ipv6_cidr_blocks": [],
                "prefix_list_ids": [],
                "protocol": "-1",
                "security_groups": [],
                "self": false,
                "to_port": 0
              }
            ],
            "id": "sg-05bbb3953caf2b4b0",
            "ingress": [
              {
                "cidr_blocks": [
                  "0.0.0.0/0"
                ],
                "description": "",
                "from_port": 0,
                "ipv6_cidr_blocks": [],
                "prefix_list_ids": [],
                "protocol": "icmp",
                "security_groups": [],
                "self": false,
                "to_port": 0
              },
              {
                "cidr_blocks": [
                  "0.0.0.0/0"
                ],
                "description": "",
                "from_port": 22,
                "ipv6_cidr_blocks": [],
                "prefix_list_ids": [],
                "protocol": "tcp",
                "security_groups": [],
                "self": false,
                "to_port": 22
              },
              {
                "cidr_blocks": [
                  "0.0.0.0/0"
                ],
                "description": "",
                "from_port": 3000,
                "ipv6_cidr_blocks": [],
                "prefix_list_ids": [],
                "protocol": "tcp",
                "security_groups": [],
                "self": false,
                "to_port": 3000
              },
              {
                "cidr_blocks": [
                  "0.0.0.0/0"
                ],
                "description": "",
                "from_port": 3306,
                "ipv6_cidr_blocks": [],
                "prefix_list_ids": [],
                "protocol": "tcp",
                "security_groups": [],
                "self": false,
                "to_port": 3306
              },
              {
                "cidr_blocks": [
                  "0.0.0.0/0"
                ],
                "description": "",
                "from_port": 443,
                "ipv6_cidr_blocks": [],
                "prefix_list_ids": [],
                "protocol": "tcp",
                "security_groups": [],
                "self": false,
                "to_port": 443
              },
              {
                "cidr_blocks": [
                  "0.0.0.0/0"
                ],
                "description": "",
                "from_port": 5000,
                "ipv6_cidr_blocks": [],
                "prefix_list_ids": [],
                "protocol": "tcp",
                "security_groups": [],
                "self": false,
                "to_port": 5000
              },
              {
                "cidr_blocks": [
                  "0.0.0.0/0"
                ],
                "description": "",
                "from_port": 80,
                "ipv6_cidr_blocks": [],
                "prefix_list_ids": [],
                "protocol": "tcp",
                "security_groups": [],
                "self": false,
                "to_port": 80
              }
            ],
            "name": "EC2SG",
            "name_prefix": "",
            "owner_id": "692530166570",
            "revoke_rules_on_delete": false,
            "tags": {
              "Name": "public"
            },
            "tags_all": {
              "Name": "public"
            },
            "timeouts": null,
            "vpc_id": "vpc-076d59f4543b81966"
          },
          "sensitive_attributes": [],
          "private": "eyJlMmJmYjczMC1lY2FhLTExZTYtOGY4OC0zNDM2M2JjN2M0YzAiOnsiY3JlYXRlIjo2MDAwMDAwMDAwMDAsImRlbGV0ZSI6OTAwMDAwMDAwMDAwfSwic2NoZW1hX3ZlcnNpb24iOiIxIn0=",
          "dependencies": [
            "aws_vpc.MyVpc"
          ]
        }
      ]
    },
    {
      "mode": "managed",
      "type": "aws_security_group",
      "name": "dbsg",
      "provider": "provider[\"registry.terraform.io/hashicorp/aws\"]",
      "instances": [
        {
          "schema_version": 1,
          "attributes": {
            "arn": "arn:aws:ec2:ap-southeast-1:692530166570:security-group/sg-09597acd45fb2fb67",
            "description": "MYSQL Traffic",
            "egress": [
              {
                "cidr_blocks": [
                  "0.0.0.0/0"
                ],
                "description": "",
                "from_port": 0,
                "ipv6_cidr_blocks": [],
                "prefix_list_ids": [],
                "protocol": "-1",
                "security_groups": [],
                "self": false,
                "to_port": 0
              }
            ],
            "id": "sg-09597acd45fb2fb67",
            "ingress": [
              {
                "cidr_blocks": [
                  "0.0.0.0/0"
                ],
                "description": "",
                "from_port": 80,
                "ipv6_cidr_blocks": [],
                "prefix_list_ids": [],
                "protocol": "tcp",
                "security_groups": [],
                "self": false,
                "to_port": 80
              }
            ],
            "name": "dbsg",
            "name_prefix": "",
            "owner_id": "692530166570",
            "revoke_rules_on_delete": false,
            "tags": {
              "Name": "private"
            },
            "tags_all": {
              "Name": "private"
            },
            "timeouts": null,
            "vpc_id": "vpc-076d59f4543b81966"
          },
          "sensitive_attributes": [],
          "private": "eyJlMmJmYjczMC1lY2FhLTExZTYtOGY4OC0zNDM2M2JjN2M0YzAiOnsiY3JlYXRlIjo2MDAwMDAwMDAwMDAsImRlbGV0ZSI6OTAwMDAwMDAwMDAwfSwic2NoZW1hX3ZlcnNpb24iOiIxIn0=",
          "dependencies": [
            "aws_vpc.MyVpc"
          ]
        }
      ]
    },
    {
      "mode": "managed",
      "type": "aws_subnet",
      "name": "MyVPC_subnet_private_1",
      "provider": "provider[\"registry.terraform.io/hashicorp/aws\"]",
      "instances": [
        {
          "schema_version": 1,
          "attributes": {
            "arn": "arn:aws:ec2:ap-southeast-1:692530166570:subnet/subnet-056e22b890ee4bd34",
            "assign_ipv6_address_on_creation": false,
            "availability_zone": "ap-southeast-1a",
            "availability_zone_id": "apse1-az2",
            "cidr_block": "10.0.3.0/24",
            "customer_owned_ipv4_pool": "",
            "enable_dns64": false,
            "enable_resource_name_dns_a_record_on_launch": false,
            "enable_resource_name_dns_aaaa_record_on_launch": false,
            "id": "subnet-056e22b890ee4bd34",
            "ipv6_cidr_block": "",
            "ipv6_cidr_block_association_id": "",
            "ipv6_native": false,
            "map_customer_owned_ip_on_launch": false,
            "map_public_ip_on_launch": false,
            "outpost_arn": "",
            "owner_id": "692530166570",
            "private_dns_hostname_type_on_launch": "ip-name",
            "tags": {
              "Name": "Private 1"
            },
            "tags_all": {
              "Name": "Private 1"
            },
            "timeouts": null,
            "vpc_id": "vpc-076d59f4543b81966"
          },
          "sensitive_attributes": [],
          "private": "eyJlMmJmYjczMC1lY2FhLTExZTYtOGY4OC0zNDM2M2JjN2M0YzAiOnsiY3JlYXRlIjo2MDAwMDAwMDAwMDAsImRlbGV0ZSI6MTIwMDAwMDAwMDAwMH0sInNjaGVtYV92ZXJzaW9uIjoiMSJ9",
          "dependencies": [
            "aws_vpc.MyVpc"
          ]
        }
      ]
    },
    {
      "mode": "managed",
      "type": "aws_subnet",
      "name": "MyVPC_subnet_private_2",
      "provider": "provider[\"registry.terraform.io/hashicorp/aws\"]",
      "instances": [
        {
          "schema_version": 1,
          "attributes": {
            "arn": "arn:aws:ec2:ap-southeast-1:692530166570:subnet/subnet-0d87cd787e5dfec44",
            "assign_ipv6_address_on_creation": false,
            "availability_zone": "ap-southeast-1b",
            "availability_zone_id": "apse1-az1",
            "cidr_block": "10.0.4.0/24",
            "customer_owned_ipv4_pool": "",
            "enable_dns64": false,
            "enable_resource_name_dns_a_record_on_launch": false,
            "enable_resource_name_dns_aaaa_record_on_launch": false,
            "id": "subnet-0d87cd787e5dfec44",
            "ipv6_cidr_block": "",
            "ipv6_cidr_block_association_id": "",
            "ipv6_native": false,
            "map_customer_owned_ip_on_launch": false,
            "map_public_ip_on_launch": false,
            "outpost_arn": "",
            "owner_id": "692530166570",
            "private_dns_hostname_type_on_launch": "ip-name",
            "tags": {
              "Name": "Private 2"
            },
            "tags_all": {
              "Name": "Private 2"
            },
            "timeouts": null,
            "vpc_id": "vpc-076d59f4543b81966"
          },
          "sensitive_attributes": [],
          "private": "eyJlMmJmYjczMC1lY2FhLTExZTYtOGY4OC0zNDM2M2JjN2M0YzAiOnsiY3JlYXRlIjo2MDAwMDAwMDAwMDAsImRlbGV0ZSI6MTIwMDAwMDAwMDAwMH0sInNjaGVtYV92ZXJzaW9uIjoiMSJ9",
          "dependencies": [
            "aws_vpc.MyVpc"
          ]
        }
      ]
    },
    {
      "mode": "managed",
      "type": "aws_subnet",
      "name": "MyVPC_subnet_public_1",
      "provider": "provider[\"registry.terraform.io/hashicorp/aws\"]",
      "instances": [
        {
          "schema_version": 1,
          "attributes": {
            "arn": "arn:aws:ec2:ap-southeast-1:692530166570:subnet/subnet-0603d055313266f66",
            "assign_ipv6_address_on_creation": false,
            "availability_zone": "ap-southeast-1a",
            "availability_zone_id": "apse1-az2",
            "cidr_block": "10.0.1.0/24",
            "customer_owned_ipv4_pool": "",
            "enable_dns64": false,
            "enable_resource_name_dns_a_record_on_launch": false,
            "enable_resource_name_dns_aaaa_record_on_launch": false,
            "id": "subnet-0603d055313266f66",
            "ipv6_cidr_block": "",
            "ipv6_cidr_block_association_id": "",
            "ipv6_native": false,
            "map_customer_owned_ip_on_launch": false,
            "map_public_ip_on_launch": true,
            "outpost_arn": "",
            "owner_id": "692530166570",
            "private_dns_hostname_type_on_launch": "ip-name",
            "tags": {
              "Name": "Public 1"
            },
            "tags_all": {
              "Name": "Public 1"
            },
            "timeouts": null,
            "vpc_id": "vpc-076d59f4543b81966"
          },
          "sensitive_attributes": [],
          "private": "eyJlMmJmYjczMC1lY2FhLTExZTYtOGY4OC0zNDM2M2JjN2M0YzAiOnsiY3JlYXRlIjo2MDAwMDAwMDAwMDAsImRlbGV0ZSI6MTIwMDAwMDAwMDAwMH0sInNjaGVtYV92ZXJzaW9uIjoiMSJ9",
          "dependencies": [
            "aws_vpc.MyVpc"
          ]
        }
      ]
    },
    {
      "mode": "managed",
      "type": "aws_subnet",
      "name": "MyVPC_subnet_public_2",
      "provider": "provider[\"registry.terraform.io/hashicorp/aws\"]",
      "instances": [
        {
          "schema_version": 1,
          "attributes": {
            "arn": "arn:aws:ec2:ap-southeast-1:692530166570:subnet/subnet-03febf533c87b33a8",
            "assign_ipv6_address_on_creation": false,
            "availability_zone": "ap-southeast-1b",
            "availability_zone_id": "apse1-az1",
            "cidr_block": "10.0.2.0/24",
            "customer_owned_ipv4_pool": "",
            "enable_dns64": false,
            "enable_resource_name_dns_a_record_on_launch": false,
            "enable_resource_name_dns_aaaa_record_on_launch": false,
            "id": "subnet-03febf533c87b33a8",
            "ipv6_cidr_block": "",
            "ipv6_cidr_block_association_id": "",
            "ipv6_native": false,
            "map_customer_owned_ip_on_launch": false,
            "map_public_ip_on_launch": true,
            "outpost_arn": "",
            "owner_id": "692530166570",
            "private_dns_hostname_type_on_launch": "ip-name",
            "tags": {
              "Name": "Public 2"
            },
            "tags_all": {
              "Name": "Public 2"
            },
            "timeouts": null,
            "vpc_id": "vpc-076d59f4543b81966"
          },
          "sensitive_attributes": [],
          "private": "eyJlMmJmYjczMC1lY2FhLTExZTYtOGY4OC0zNDM2M2JjN2M0YzAiOnsiY3JlYXRlIjo2MDAwMDAwMDAwMDAsImRlbGV0ZSI6MTIwMDAwMDAwMDAwMH0sInNjaGVtYV92ZXJzaW9uIjoiMSJ9",
          "dependencies": [
            "aws_vpc.MyVpc"
          ]
        }
      ]
    },
    {
      "mode": "managed",
      "type": "aws_vpc",
      "name": "MyVpc",
      "provider": "provider[\"registry.terraform.io/hashicorp/aws\"]",
      "instances": [
        {
          "schema_version": 1,
          "attributes": {
            "arn": "arn:aws:ec2:ap-southeast-1:692530166570:vpc/vpc-076d59f4543b81966",
            "assign_generated_ipv6_cidr_block": false,
            "cidr_block": "10.0.0.0/16",
            "default_network_acl_id": "acl-0539da67b0ce390f4",
            "default_route_table_id": "rtb-09171d04b6e31918b",
            "default_security_group_id": "sg-0a05963517e7ee274",
            "dhcp_options_id": "dopt-0d5d6e045d79fa9ea",
            "enable_classiclink": false,
            "enable_classiclink_dns_support": false,
            "enable_dns_hostnames": true,
            "enable_dns_support": true,
            "enable_network_address_usage_metrics": false,
            "id": "vpc-076d59f4543b81966",
            "instance_tenancy": "default",
            "ipv4_ipam_pool_id": null,
            "ipv4_netmask_length": null,
            "ipv6_association_id": "",
            "ipv6_cidr_block": "",
            "ipv6_cidr_block_network_border_group": "",
            "ipv6_ipam_pool_id": "",
            "ipv6_netmask_length": 0,
            "main_route_table_id": "rtb-09171d04b6e31918b",
            "owner_id": "692530166570",
            "tags": {
              "Name": "MyVpc"
            },
            "tags_all": {
              "Name": "MyVpc"
            }
          },
          "sensitive_attributes": [],
          "private": "eyJzY2hlbWFfdmVyc2lvbiI6IjEifQ=="
        }
      ]
    },
    {
      "mode": "managed",
      "type": "tls_private_key",
      "name": "key",
      "provider": "provider[\"registry.terraform.io/hashicorp/tls\"]",
      "instances": [
        {
          "schema_version": 1,
          "attributes": {
            "algorithm": "RSA",
            "ecdsa_curve": "P224",
            "id": "1572ab42343c47644530d9401cf6f87304823fa2",
            "private_key_openssh": "-----BEGIN OPENSSH PRIVATE KEY-----\nb3BlbnNzaC1rZXktdjEAAAAABG5vbmUAAAAEbm9uZQAAAAAAAAABAAACFwAAAAdz\nc2gtcnNhAAAAAwEAAQAAAgEArlMfA4XFEGE0kbv59nVEV3KrQoXtBN318VZlocg2\nxmKubEsPXAwsTKiZHMTANOhjs/ZD1H36iOOZwvv58722M2sBR75BKXfXkxr6DJQj\nED617HdB74MMXkuldpG1ks/TzWCtqhLB825hDiFTNuVorVAgiNRU2JiuwYBzF+5S\n1R08S5p6esMLuspGaP8Ut0X4+yvar1I9mJi/oF1qON68eWRsWNnYYln8xUT1Nbxi\nXur3U41TI8dMCwTCfMjTuuRdx4lc8SgA2Q90yaC7348theqONUaRYZz2Pjpkz+yv\n6mkFNSGPsEJexf0UiHtRfJiu+hdZ6gD7/xTCuecWixauJCQPgH2ZVUl1sBj6TKT8\nxZDNdthLaGyPSwEp8D29xyIJGoVNDUMvJjZg9ESV9pZMi+1hY2S4tJpuSTZ/lTa8\nH5+ppDRQSQEuVCFBAKH7FCh8nACA0dyla31SNHqNoj+LWTsVMXgZ7DpwBNpo/THV\njvtrdu6NavvD36ZpAUrm7rCa8EVPY4GGeolDAof56fYDb/0NpX/Wb62lBTNoW/dm\n9ynA4RQjnQuWJ+mYS4pd9I1iCiUE5SlHnswsk/n/9WZl8rNg8gquzHbbhV0TtVPx\nYCd2M95XXoMkJ3xKtgn/8xK6TKiZm0cQfTz/28yKBggL7iftG0ljkU95g39/d3oz\nqUMAAAc4GJoGGxiaBhsAAAAHc3NoLXJzYQAAAgEArlMfA4XFEGE0kbv59nVEV3Kr\nQoXtBN318VZlocg2xmKubEsPXAwsTKiZHMTANOhjs/ZD1H36iOOZwvv58722M2sB\nR75BKXfXkxr6DJQjED617HdB74MMXkuldpG1ks/TzWCtqhLB825hDiFTNuVorVAg\niNRU2JiuwYBzF+5S1R08S5p6esMLuspGaP8Ut0X4+yvar1I9mJi/oF1qON68eWRs\nWNnYYln8xUT1NbxiXur3U41TI8dMCwTCfMjTuuRdx4lc8SgA2Q90yaC7348theqO\nNUaRYZz2Pjpkz+yv6mkFNSGPsEJexf0UiHtRfJiu+hdZ6gD7/xTCuecWixauJCQP\ngH2ZVUl1sBj6TKT8xZDNdthLaGyPSwEp8D29xyIJGoVNDUMvJjZg9ESV9pZMi+1h\nY2S4tJpuSTZ/lTa8H5+ppDRQSQEuVCFBAKH7FCh8nACA0dyla31SNHqNoj+LWTsV\nMXgZ7DpwBNpo/THVjvtrdu6NavvD36ZpAUrm7rCa8EVPY4GGeolDAof56fYDb/0N\npX/Wb62lBTNoW/dm9ynA4RQjnQuWJ+mYS4pd9I1iCiUE5SlHnswsk/n/9WZl8rNg\n8gquzHbbhV0TtVPxYCd2M95XXoMkJ3xKtgn/8xK6TKiZm0cQfTz/28yKBggL7ift\nG0ljkU95g39/d3ozqUMAAAADAQABAAACAQCdU+E6oaDvnnr+R+NZPg52ycOsnwgB\ni3zq2WmR8AsXUnpOvBNZpJbafJLq9trtJQrOoSQog6X3o0njQtwb0Yy9rQYTxK40\nibciSYeAkLVwdNhlWGBGlEQ2Whk0AF8Z570krustAg7O70Biq0rZ0YN+X0FtnAwT\nCwE1HANDhtB1DBSduwZtAtj0NJgFLKl6mokRzktoTVXQAZN4XLaAKu14tVxfeAQl\nB0fslcakP6ecOH0MiBCPys9jZmFMk0cbdfz5F4ytDMhvHdbuHcVRB3wzTzQW+uA8\nc5d9I+BWEyvU6AFOKULv9YZpM3YzkvBA/d91UFvSqB7F4Ou5MckTsF1qPJhNo27V\nu5GAu0wqWym0bPu+FxQfbLapD/4IPc+jcYE0rRjg5ZEfE8gEvLm/zw12schz5d6U\nogPYDv0w5/4wrSIaT4uErLOhFBFIZgOzAfnwUwqFZKtXWk/8t1tzc65fl00Fgz4P\nFx5u710oS7RE4xWM3UVS/szsyxk4MmLP13UumetnblHgOSkEJbbaM2hxaBr6mDBk\nW53ycyOcDhqEc7Xh/7ASGiTCIDTjRD9KlxFuN8G7SQMXWVftiuw7Q/+tsyP9M30/\n8bXhL6ztfeYZUQdikaYdbiQqLFMEkXuV0zNl4JRgqFXvx+ZnXgR0gaxw797t+V/x\n8xrfW3coCsXq0QAAAQBTibtKA/k/MaUu28OXAiI0oKiGAtfA6DU8OB2RBMYAh91y\np5yeLIqmEcjUqAv9NEYsEDnTxhY18HY4aiMV/LcKCOuzXT3rO/qnhaUkf1lFSXiT\nCHYLOY9uXuqe9qlW7jSgSxsUeXp2FsFJ2Bm2mUbW0GH0qzDZLmMgFtilYh5gjeT5\nO7JW6vfxVFiFZdgx7jZkeOA78SZV1Y0lkqnNo6P9Ih7xZlOb+q4beN0jPzHhoZDK\nehKad9eNNoh2jDMZRLQWxUHyVq61dJOsVeF++Qw3XF9tOY8tHddv3nNTTiYoPzyZ\ncCNxhlM7PYbRhLCMxtbfB5pgmVCFAGM7angQs/veAAABAQDGQiXDlN9pFCX3W9VX\npy4QUpKZ7CSbmsEq+L75eD1tHXQRQP9XKsjwZxWL4TuWvXOlPlgFtyLqx8+JmWJ9\nliXlmpZd8JNnVq8+FbKdGw9mIMKBnXXbwkM9YFFCVT76M0FBwQLuP3QHSJG41mIm\nj4nisvx4plkzjirN1Dz3oGrsXZE0UdZoQa9CZm9qd20gvqP3jAI/tmAcUXU2CGbw\notlGvOC8F0dzRkkaVSCiDtm7+UsKOmHDpBoUZtGPzPAwknmQNc1U00vPTXUN3xGx\nDNloZB6a/P/72D83D+reIw1ZQTSiJhx9xmrlcbIoU+I/nWolauB1qiHyXqkmiUJX\n0MiZAAABAQDhGIM309UZddVMzmTHwdeDUZDL9sM/bqEVvz0VVlAbPrdaho9MbXex\nbo07NS4xtE0X6VVmNMhRg6RBxnOFGNUKIaaAz3if07KeJDes85y8lutn5KAr+cfX\nNI8c0DnlpOEJmsM2A4IRPYpmgewCB8YFKxJtwZGcTgzLgFG3Xo1zsADiYmWNmuWa\n5rbc7/PV9nmD1y1c01mKeB9aMVvg8IEdNPIlHRb4JcgiY8P7d6/IzxcBV2rowFIv\nK0PNfB5Vnwrt4Y7mkt1mOu2YRzKi7LxreQbVLhiDsnv48b9A7pBRK84LG3D8Imum\nmbWKPjj7Xb3CdemTp4Tp4EKVAktE3547AAAAAAEC\n-----END OPENSSH PRIVATE KEY-----\n",
            "private_key_pem": "-----BEGIN RSA PRIVATE KEY-----\nMIIJKAIBAAKCAgEArlMfA4XFEGE0kbv59nVEV3KrQoXtBN318VZlocg2xmKubEsP\nXAwsTKiZHMTANOhjs/ZD1H36iOOZwvv58722M2sBR75BKXfXkxr6DJQjED617HdB\n74MMXkuldpG1ks/TzWCtqhLB825hDiFTNuVorVAgiNRU2JiuwYBzF+5S1R08S5p6\nesMLuspGaP8Ut0X4+yvar1I9mJi/oF1qON68eWRsWNnYYln8xUT1NbxiXur3U41T\nI8dMCwTCfMjTuuRdx4lc8SgA2Q90yaC7348theqONUaRYZz2Pjpkz+yv6mkFNSGP\nsEJexf0UiHtRfJiu+hdZ6gD7/xTCuecWixauJCQPgH2ZVUl1sBj6TKT8xZDNdthL\naGyPSwEp8D29xyIJGoVNDUMvJjZg9ESV9pZMi+1hY2S4tJpuSTZ/lTa8H5+ppDRQ\nSQEuVCFBAKH7FCh8nACA0dyla31SNHqNoj+LWTsVMXgZ7DpwBNpo/THVjvtrdu6N\navvD36ZpAUrm7rCa8EVPY4GGeolDAof56fYDb/0NpX/Wb62lBTNoW/dm9ynA4RQj\nnQuWJ+mYS4pd9I1iCiUE5SlHnswsk/n/9WZl8rNg8gquzHbbhV0TtVPxYCd2M95X\nXoMkJ3xKtgn/8xK6TKiZm0cQfTz/28yKBggL7iftG0ljkU95g39/d3ozqUMCAwEA\nAQKCAgEAnVPhOqGg7556/kfjWT4OdsnDrJ8IAYt86tlpkfALF1J6TrwTWaSW2nyS\n6vba7SUKzqEkKIOl96NJ40LcG9GMva0GE8SuNIm3IkmHgJC1cHTYZVhgRpRENloZ\nNABfGee9JK7rLQIOzu9AYqtK2dGDfl9BbZwMEwsBNRwDQ4bQdQwUnbsGbQLY9DSY\nBSypepqJEc5LaE1V0AGTeFy2gCrteLVcX3gEJQdH7JXGpD+nnDh9DIgQj8rPY2Zh\nTJNHG3X8+ReMrQzIbx3W7h3FUQd8M080FvrgPHOXfSPgVhMr1OgBTilC7/WGaTN2\nM5LwQP3fdVBb0qgexeDruTHJE7BdajyYTaNu1buRgLtMKlsptGz7vhcUH2y2qQ/+\nCD3Po3GBNK0Y4OWRHxPIBLy5v88NdrHIc+XelKID2A79MOf+MK0iGk+LhKyzoRQR\nSGYDswH58FMKhWSrV1pP/Ldbc3OuX5dNBYM+Dxcebu9dKEu0ROMVjN1FUv7M7MsZ\nODJiz9d1LpnrZ25R4DkpBCW22jNocWga+pgwZFud8nMjnA4ahHO14f+wEhokwiA0\n40Q/SpcRbjfBu0kDF1lX7YrsO0P/rbMj/TN9P/G14S+s7X3mGVEHYpGmHW4kKixT\nBJF7ldMzZeCUYKhV78fmZ14EdIGscO/e7flf8fMa31t3KArF6tECggEBAMZCJcOU\n32kUJfdb1VenLhBSkpnsJJuawSr4vvl4PW0ddBFA/1cqyPBnFYvhO5a9c6U+WAW3\nIurHz4mZYn2WJeWall3wk2dWrz4Vsp0bD2YgwoGdddvCQz1gUUJVPvozQUHBAu4/\ndAdIkbjWYiaPieKy/HimWTOOKs3UPPegauxdkTRR1mhBr0Jmb2p3bSC+o/eMAj+2\nYBxRdTYIZvCi2Ua84LwXR3NGSRpVIKIO2bv5Swo6YcOkGhRm0Y/M8DCSeZA1zVTT\nS89NdQ3fEbEM2WhkHpr8//vYPzcP6t4jDVlBNKImHH3GauVxsihT4j+daiVq4HWq\nIfJeqSaJQlfQyJkCggEBAOEYgzfT1Rl11UzOZMfB14NRkMv2wz9uoRW/PRVWUBs+\nt1qGj0xtd7FujTs1LjG0TRfpVWY0yFGDpEHGc4UY1QohpoDPeJ/Tsp4kN6zznLyW\n62fkoCv5x9c0jxzQOeWk4QmawzYDghE9imaB7AIHxgUrEm3BkZxODMuAUbdejXOw\nAOJiZY2a5Zrmttzv89X2eYPXLVzTWYp4H1oxW+DwgR008iUdFvglyCJjw/t3r8jP\nFwFXaujAUi8rQ818HlWfCu3hjuaS3WY67ZhHMqLsvGt5BtUuGIOye/jxv0DukFEr\nzgsbcPwia6aZtYo+OPtdvcJ16ZOnhOngQpUCS0TfnjsCggEAATKtH71qjCv+/ruj\nUmBEOv0EvcFbh0UsHaJbJQ7A8EPZS7Fk2ZX8mNdGng3CWmrSpBD4XzB4GYsTifVP\nTwr1N6nzdqXZfipb7Lgc2C4traRNCJN2/tjxpxFJ7GivdLuSjV8pMV9YyCJ8Hu3M\nsgb0Alaqh+AZceJOB+hcZfKmMr9t/S7xaLfc4z3TNoV6N1RvkTNbYB8t/X3Qg38R\ngCq7vV2uzfQmDmBCWNJi3BfS4PvkpC8uIAyBy9XDNmc6nFCGQ4TPtM+CCcKiDm9m\nn/c/6Q2R0cXtlgv8dcy20pjLn9pxAvnP+kKUqsZBGVVIbLH6zjcTHCLnCZvg0cbK\ni9VLIQKCAQAewBOE9+pfvQozoOqBo4iGhwkJ5B8ONlXJO8Pje1QcNLglpMZEwZud\nYKXolb5GygPSJW0mNkW7ZQl2dt7nKtpHtQsjA7TN2MTI99enR+x8kv17xu7esxPK\n4YI/hG60YY7gmgTbByWop0iV8l/Ecz1pDVZKKixzNvJmhpQjQcZ/LGcihiCrdKKz\nQ5ttmVYtP6ugCDBJQxIzaW+XCbEsjI6G5+nAijXOFpM9p3VpkBMykp/o7gFL5KIV\nkYqEstUOC1kZ4Dt+YkfepGQ67lcLjN28rN7zFoYAz8xB2PywqSaMADj4qXoI58bf\nDpaPWSq9pDO9MhCDvFna/Wj7JEIWGZprAoIBAFOJu0oD+T8xpS7bw5cCIjSgqIYC\n18DoNTw4HZEExgCH3XKnnJ4siqYRyNSoC/00RiwQOdPGFjXwdjhqIxX8twoI67Nd\nPes7+qeFpSR/WUVJeJMIdgs5j25e6p72qVbuNKBLGxR5enYWwUnYGbaZRtbQYfSr\nMNkuYyAW2KViHmCN5Pk7slbq9/FUWIVl2DHuNmR44DvxJlXVjSWSqc2jo/0iHvFm\nU5v6rht43SM/MeGhkMp6Epp31402iHaMMxlEtBbFQfJWrrV0k6xV4X75DDdcX205\njy0d12/ec1NOJig/PJlwI3GGUzs9htGEsIzG1t8HmmCZUIUAYztqeBCz+94=\n-----END RSA PRIVATE KEY-----\n",
            "private_key_pem_pkcs8": "-----BEGIN PRIVATE KEY-----\nMIIJQgIBADANBgkqhkiG9w0BAQEFAASCCSwwggkoAgEAAoICAQCuUx8DhcUQYTSR\nu/n2dURXcqtChe0E3fXxVmWhyDbGYq5sSw9cDCxMqJkcxMA06GOz9kPUffqI45nC\n+/nzvbYzawFHvkEpd9eTGvoMlCMQPrXsd0HvgwxeS6V2kbWSz9PNYK2qEsHzbmEO\nIVM25WitUCCI1FTYmK7BgHMX7lLVHTxLmnp6wwu6ykZo/xS3Rfj7K9qvUj2YmL+g\nXWo43rx5ZGxY2dhiWfzFRPU1vGJe6vdTjVMjx0wLBMJ8yNO65F3HiVzxKADZD3TJ\noLvfjy2F6o41RpFhnPY+OmTP7K/qaQU1IY+wQl7F/RSIe1F8mK76F1nqAPv/FMK5\n5xaLFq4kJA+AfZlVSXWwGPpMpPzFkM122EtobI9LASnwPb3HIgkahU0NQy8mNmD0\nRJX2lkyL7WFjZLi0mm5JNn+VNrwfn6mkNFBJAS5UIUEAofsUKHycAIDR3KVrfVI0\neo2iP4tZOxUxeBnsOnAE2mj9MdWO+2t27o1q+8PfpmkBSubusJrwRU9jgYZ6iUMC\nh/np9gNv/Q2lf9ZvraUFM2hb92b3KcDhFCOdC5Yn6ZhLil30jWIKJQTlKUeezCyT\n+f/1ZmXys2DyCq7MdtuFXRO1U/FgJ3Yz3ldegyQnfEq2Cf/zErpMqJmbRxB9PP/b\nzIoGCAvuJ+0bSWORT3mDf393ejOpQwIDAQABAoICAQCdU+E6oaDvnnr+R+NZPg52\nycOsnwgBi3zq2WmR8AsXUnpOvBNZpJbafJLq9trtJQrOoSQog6X3o0njQtwb0Yy9\nrQYTxK40ibciSYeAkLVwdNhlWGBGlEQ2Whk0AF8Z570krustAg7O70Biq0rZ0YN+\nX0FtnAwTCwE1HANDhtB1DBSduwZtAtj0NJgFLKl6mokRzktoTVXQAZN4XLaAKu14\ntVxfeAQlB0fslcakP6ecOH0MiBCPys9jZmFMk0cbdfz5F4ytDMhvHdbuHcVRB3wz\nTzQW+uA8c5d9I+BWEyvU6AFOKULv9YZpM3YzkvBA/d91UFvSqB7F4Ou5MckTsF1q\nPJhNo27Vu5GAu0wqWym0bPu+FxQfbLapD/4IPc+jcYE0rRjg5ZEfE8gEvLm/zw12\nschz5d6UogPYDv0w5/4wrSIaT4uErLOhFBFIZgOzAfnwUwqFZKtXWk/8t1tzc65f\nl00Fgz4PFx5u710oS7RE4xWM3UVS/szsyxk4MmLP13UumetnblHgOSkEJbbaM2hx\naBr6mDBkW53ycyOcDhqEc7Xh/7ASGiTCIDTjRD9KlxFuN8G7SQMXWVftiuw7Q/+t\nsyP9M30/8bXhL6ztfeYZUQdikaYdbiQqLFMEkXuV0zNl4JRgqFXvx+ZnXgR0gaxw\n797t+V/x8xrfW3coCsXq0QKCAQEAxkIlw5TfaRQl91vVV6cuEFKSmewkm5rBKvi+\n+Xg9bR10EUD/VyrI8GcVi+E7lr1zpT5YBbci6sfPiZlifZYl5ZqWXfCTZ1avPhWy\nnRsPZiDCgZ1128JDPWBRQlU++jNBQcEC7j90B0iRuNZiJo+J4rL8eKZZM44qzdQ8\n96Bq7F2RNFHWaEGvQmZvandtIL6j94wCP7ZgHFF1Nghm8KLZRrzgvBdHc0ZJGlUg\nog7Zu/lLCjphw6QaFGbRj8zwMJJ5kDXNVNNLz011Dd8RsQzZaGQemvz/+9g/Nw/q\n3iMNWUE0oiYcfcZq5XGyKFPiP51qJWrgdaoh8l6pJolCV9DImQKCAQEA4RiDN9PV\nGXXVTM5kx8HXg1GQy/bDP26hFb89FVZQGz63WoaPTG13sW6NOzUuMbRNF+lVZjTI\nUYOkQcZzhRjVCiGmgM94n9OyniQ3rPOcvJbrZ+SgK/nH1zSPHNA55aThCZrDNgOC\nET2KZoHsAgfGBSsSbcGRnE4My4BRt16Nc7AA4mJljZrlmua23O/z1fZ5g9ctXNNZ\ningfWjFb4PCBHTTyJR0W+CXIImPD+3evyM8XAVdq6MBSLytDzXweVZ8K7eGO5pLd\nZjrtmEcyouy8a3kG1S4Yg7J7+PG/QO6QUSvOCxtw/CJrppm1ij44+129wnXpk6eE\n6eBClQJLRN+eOwKCAQABMq0fvWqMK/7+u6NSYEQ6/QS9wVuHRSwdolslDsDwQ9lL\nsWTZlfyY10aeDcJaatKkEPhfMHgZixOJ9U9PCvU3qfN2pdl+KlvsuBzYLi2tpE0I\nk3b+2PGnEUnsaK90u5KNXykxX1jIInwe7cyyBvQCVqqH4Blx4k4H6Fxl8qYyv239\nLvFot9zjPdM2hXo3VG+RM1tgHy39fdCDfxGAKru9Xa7N9CYOYEJY0mLcF9Lg++Sk\nLy4gDIHL1cM2ZzqcUIZDhM+0z4IJwqIOb2af9z/pDZHRxe2WC/x1zLbSmMuf2nEC\n+c/6QpSqxkEZVUhssfrONxMcIucJm+DRxsqL1UshAoIBAB7AE4T36l+9CjOg6oGj\niIaHCQnkHw42Vck7w+N7VBw0uCWkxkTBm51gpeiVvkbKA9IlbSY2RbtlCXZ23ucq\n2ke1CyMDtM3YxMj316dH7HyS/XvG7t6zE8rhgj+EbrRhjuCaBNsHJainSJXyX8Rz\nPWkNVkoqLHM28maGlCNBxn8sZyKGIKt0orNDm22ZVi0/q6AIMElDEjNpb5cJsSyM\njobn6cCKNc4Wkz2ndWmQEzKSn+juAUvkohWRioSy1Q4LWRngO35iR96kZDruVwuM\n3bys3vMWhgDPzEHY/LCpJowAOPipegjnxt8Olo9ZKr2kM70yEIO8Wdr9aPskQhYZ\nmmsCggEAU4m7SgP5PzGlLtvDlwIiNKCohgLXwOg1PDgdkQTGAIfdcqecniyKphHI\n1KgL/TRGLBA508YWNfB2OGojFfy3Cgjrs1096zv6p4WlJH9ZRUl4kwh2CzmPbl7q\nnvapVu40oEsbFHl6dhbBSdgZtplG1tBh9Ksw2S5jIBbYpWIeYI3k+TuyVur38VRY\nhWXYMe42ZHjgO/EmVdWNJZKpzaOj/SIe8WZTm/quG3jdIz8x4aGQynoSmnfXjTaI\ndowzGUS0FsVB8lautXSTrFXhfvkMN1xfbTmPLR3Xb95zU04mKD88mXAjcYZTOz2G\n0YSwjMbW3weaYJlQhQBjO2p4ELP73g==\n-----END PRIVATE KEY-----\n",
            "public_key_fingerprint_md5": "f8:7c:27:d6:0e:de:29:fa:da:61:7c:14:ce:af:29:81",
            "public_key_fingerprint_sha256": "SHA256:k4sgMK/fPsQrEx7gtU0D2j/hRTO5Cl3ndvPYNB3t/i0",
            "public_key_openssh": "ssh-rsa AAAAB3NzaC1yc2EAAAADAQABAAACAQCuUx8DhcUQYTSRu/n2dURXcqtChe0E3fXxVmWhyDbGYq5sSw9cDCxMqJkcxMA06GOz9kPUffqI45nC+/nzvbYzawFHvkEpd9eTGvoMlCMQPrXsd0HvgwxeS6V2kbWSz9PNYK2qEsHzbmEOIVM25WitUCCI1FTYmK7BgHMX7lLVHTxLmnp6wwu6ykZo/xS3Rfj7K9qvUj2YmL+gXWo43rx5ZGxY2dhiWfzFRPU1vGJe6vdTjVMjx0wLBMJ8yNO65F3HiVzxKADZD3TJoLvfjy2F6o41RpFhnPY+OmTP7K/qaQU1IY+wQl7F/RSIe1F8mK76F1nqAPv/FMK55xaLFq4kJA+AfZlVSXWwGPpMpPzFkM122EtobI9LASnwPb3HIgkahU0NQy8mNmD0RJX2lkyL7WFjZLi0mm5JNn+VNrwfn6mkNFBJAS5UIUEAofsUKHycAIDR3KVrfVI0eo2iP4tZOxUxeBnsOnAE2mj9MdWO+2t27o1q+8PfpmkBSubusJrwRU9jgYZ6iUMCh/np9gNv/Q2lf9ZvraUFM2hb92b3KcDhFCOdC5Yn6ZhLil30jWIKJQTlKUeezCyT+f/1ZmXys2DyCq7MdtuFXRO1U/FgJ3Yz3ldegyQnfEq2Cf/zErpMqJmbRxB9PP/bzIoGCAvuJ+0bSWORT3mDf393ejOpQw==\n",
            "public_key_pem": "-----BEGIN PUBLIC KEY-----\nMIICIjANBgkqhkiG9w0BAQEFAAOCAg8AMIICCgKCAgEArlMfA4XFEGE0kbv59nVE\nV3KrQoXtBN318VZlocg2xmKubEsPXAwsTKiZHMTANOhjs/ZD1H36iOOZwvv58722\nM2sBR75BKXfXkxr6DJQjED617HdB74MMXkuldpG1ks/TzWCtqhLB825hDiFTNuVo\nrVAgiNRU2JiuwYBzF+5S1R08S5p6esMLuspGaP8Ut0X4+yvar1I9mJi/oF1qON68\neWRsWNnYYln8xUT1NbxiXur3U41TI8dMCwTCfMjTuuRdx4lc8SgA2Q90yaC7348t\nheqONUaRYZz2Pjpkz+yv6mkFNSGPsEJexf0UiHtRfJiu+hdZ6gD7/xTCuecWixau\nJCQPgH2ZVUl1sBj6TKT8xZDNdthLaGyPSwEp8D29xyIJGoVNDUMvJjZg9ESV9pZM\ni+1hY2S4tJpuSTZ/lTa8H5+ppDRQSQEuVCFBAKH7FCh8nACA0dyla31SNHqNoj+L\nWTsVMXgZ7DpwBNpo/THVjvtrdu6NavvD36ZpAUrm7rCa8EVPY4GGeolDAof56fYD\nb/0NpX/Wb62lBTNoW/dm9ynA4RQjnQuWJ+mYS4pd9I1iCiUE5SlHnswsk/n/9WZl\n8rNg8gquzHbbhV0TtVPxYCd2M95XXoMkJ3xKtgn/8xK6TKiZm0cQfTz/28yKBggL\n7iftG0ljkU95g39/d3ozqUMCAwEAAQ==\n-----END PUBLIC KEY-----\n",
            "rsa_bits": 4096
          },
          "sensitive_attributes": []
        }
      ]
    }
  ],
  "check_results": null
}
